
Microsoft Visual Studio Solution File, Format Version 12.00
# Visual Studio Version 17
VisualStudioVersion = 17.7.34024.191
MinimumVisualStudioVersion = 10.0.40219.1
Project("{FAE04EC0-301F-11D3-BF4B-00C04F79EFBC}") = "Agent", "Agent.csproj", "{974B664D-A322-49DF-9280-8087CD936DC4}"
EndProject
Global
	GlobalSection(SolutionConfigurationPlatforms) = preSolution
		Debug|Any CPU = Debug|Any CPU
		Release|Any CPU = Release|Any CPU
	EndGlobalSection
	GlobalSection(ProjectConfigurationPlatforms) = postSolution
		{974B664D-A322-49DF-9280-8087CD936DC4}.Debug|Any CPU.ActiveCfg = Debug|Any CPU
		{974B664D-A322-49DF-9280-8087CD936DC4}.Debug|Any CPU.Build.0 = Debug|Any CPU
		{974B664D-A322-49DF-9280-8087CD936DC4}.Release|Any CPU.ActiveCfg = Release|Any CPU
		{974B664D-A322-49DF-9280-8087CD936DC4}.Release|Any CPU.Build.0 = Release|Any CPU
	EndGlobalSection
	GlobalSection(SolutionProperties) = preSolution
		HideSolutionNode = FALSE
	EndGlobalSection
	GlobalSection(ExtensibilityGlobals) = postSolution
		SolutionGuid = {D3F1A04F-282C-4C69-AD44-3C207CB8966F}
	EndGlobalSection
EndGlobal
